PODS:
  - Nimble (9.2.1)
  - Quick (4.0.0)
  - SKSwiftExtension (0.1.2)

DEPENDENCIES:
  - Nimble
  - Quick
  - SKSwiftExtension (from `../`)

SPEC REPOS:
  https://github.com/CocoaPods/Specs.git:
    - Nimble
    - Quick

EXTERNAL SOURCES:
  SKSwiftExtension:
    :path: "../"

SPEC CHECKSUMS:
  Nimble: e7e615c0335ee4bf5b0d786685451e62746117d5
  Quick: 6473349e43b9271a8d43839d9ba1c442ed1b7ac4
  SKSwiftExtension: 6049206bc2ae7936ea683f434db1007a73e388fc

PODFILE CHECKSUM: e9c24ace355c69fa0bbd10fe38b6c7449faaa89d

COCOAPODS: 1.11.2
