PODS:
  - Nimble (7.3.1)
  - Quick (1.3.2)
  - SKSwiftExtension (0.1.0)

DEPENDENCIES:
  - Nimble
  - Quick
  - SKSwiftExtension (from `../`)

SPEC REPOS:
  https://github.com/cocoapods/specs.git:
    - Nimble
    - Quick

EXTERNAL SOURCES:
  SKSwiftExtension:
    :path: "../"

SPEC CHECKSUMS:
  Nimble: 04f732da099ea4d153122aec8c2a88fd0c7219ae
  Quick: 2623cb30d7a7f41ca62f684f679586558f483d46
  SKSwiftExtension: 590bfc8c4e6f6e1af3e283f46d2695137f5b249b

PODFILE CHECKSUM: e9c24ace355c69fa0bbd10fe38b6c7449faaa89d

COCOAPODS: 1.5.3
