PODS:
  - Nimble (4.1.0)
  - Quick (0.9.3)
  - SKSwiftExtension (0.1.0)

DEPENDENCIES:
  - Nimble (~> 4.1)
  - Quick (~> 0.9.0)
  - SKSwiftExtension (from `../`)

EXTERNAL SOURCES:
  SKSwiftExtension:
    :path: "../"

SPEC CHECKSUMS:
  Nimble: 97a0a4cae5124c117115634b2d055d8c97d0af19
  Quick: 13a2a2b19a5d8e3ed4fd0c36ee46597fd77ebf71
  SKSwiftExtension: e9584fb553dd63cbc3ddb8cd0b3469e025b3585e

PODFILE CHECKSUM: 517bb277753aa8e324c37efe6b21a5151935e6c1

COCOAPODS: 1.1.0.rc.3
